
Microsoft Visual Studio Solution File, Format Version 11.00
# Visual Studio 2010
# Ranorex Studio 5
Project("{FAE04EC0-301F-11D3-BF4B-00C04F79EFBC}") = "TestRecBinAll", "TestRecBinAll\TestRecBinAll.csproj", "{6F679E56-7EB3-4379-B5E6-3AE6C3084F67}"
EndProject
Global
	GlobalSection(SolutionConfigurationPlatforms) = preSolution
		Debug|x86 = Debug|x86
		Release|x86 = Release|x86
	EndGlobalSection
	GlobalSection(ProjectConfigurationPlatforms) = postSolution
		{6F679E56-7EB3-4379-B5E6-3AE6C3084F67}.Debug|x86.Build.0 = Debug|x86
		{6F679E56-7EB3-4379-B5E6-3AE6C3084F67}.Debug|x86.ActiveCfg = Debug|x86
		{6F679E56-7EB3-4379-B5E6-3AE6C3084F67}.Release|x86.Build.0 = Release|x86
		{6F679E56-7EB3-4379-B5E6-3AE6C3084F67}.Release|x86.ActiveCfg = Release|x86
	EndGlobalSection
EndGlobal
